
Microsoft Visual Studio Solution File, Format Version 12.00
# Visual Studio Version 16
VisualStudioVersion = 16.0.30907.101
MinimumVisualStudioVersion = 10.0.40219.1
Project("{8BC9CEB8-8B4A-11D0-8D11-00A0C91BC942}") = "Coffee_Vending_Machine", "Coffee_Vending_Machine\Coffee_Vending_Machine.vcxproj", "{C64EAE8D-D377-46A4-85F3-6817E247A094}"
EndProject
Global
	GlobalSection(SolutionConfigurationPlatforms) = preSolution
		Debug|x64 = Debug|x64
		Debug|x86 = Debug|x86
		Release|x64 = Release|x64
		Release|x86 = Release|x86
	EndGlobalSection
	GlobalSection(ProjectConfigurationPlatforms) = postSolution
		{C64EAE8D-D377-46A4-85F3-6817E247A094}.Debug|x64.ActiveCfg = Debug|x64
		{C64EAE8D-D377-46A4-85F3-6817E247A094}.Debug|x64.Build.0 = Debug|x64
		{C64EAE8D-D377-46A4-85F3-6817E247A094}.Debug|x86.ActiveCfg = Debug|Win32
		{C64EAE8D-D377-46A4-85F3-6817E247A094}.Debug|x86.Build.0 = Debug|Win32
		{C64EAE8D-D377-46A4-85F3-6817E247A094}.Release|x64.ActiveCfg = Release|x64
		{C64EAE8D-D377-46A4-85F3-6817E247A094}.Release|x64.Build.0 = Release|x64
		{C64EAE8D-D377-46A4-85F3-6817E247A094}.Release|x86.ActiveCfg = Release|Win32
		{C64EAE8D-D377-46A4-85F3-6817E247A094}.Release|x86.Build.0 = Release|Win32
	EndGlobalSection
	GlobalSection(SolutionProperties) = preSolution
		HideSolutionNode = FALSE
	EndGlobalSection
	GlobalSection(ExtensibilityGlobals) = postSolution
		SolutionGuid = {43A83D6D-B5A6-4FF7-B72C-8E020D6EDAD4}
	EndGlobalSection
EndGlobal
